
Microsoft Visual Studio Solution File, Format Version 12.00
# Visual Studio Version 17
VisualStudioVersion = 17.9.34616.47
MinimumVisualStudioVersion = 10.0.40219.1
Project("{FAE04EC0-301F-11D3-BF4B-00C04F79EFBC}") = "IMO", "IMO\IMO.csproj", "{434CA8E4-D7A4-4006-AACC-F1E28A93BF16}"
EndProject
Global
	GlobalSection(SolutionConfigurationPlatforms) = preSolution
		Debug|Any CPU = Debug|Any CPU
		Release|Any CPU = Release|Any CPU
	EndGlobalSection
	GlobalSection(ProjectConfigurationPlatforms) = postSolution
		{434CA8E4-D7A4-4006-AACC-F1E28A93BF16}.Debug|Any CPU.ActiveCfg = Debug|Any CPU
		{434CA8E4-D7A4-4006-AACC-F1E28A93BF16}.Debug|Any CPU.Build.0 = Debug|Any CPU
		{434CA8E4-D7A4-4006-AACC-F1E28A93BF16}.Release|Any CPU.ActiveCfg = Release|Any CPU
		{434CA8E4-D7A4-4006-AACC-F1E28A93BF16}.Release|Any CPU.Build.0 = Release|Any CPU
	EndGlobalSection
	GlobalSection(SolutionProperties) = preSolution
		HideSolutionNode = FALSE
	EndGlobalSection
	GlobalSection(ExtensibilityGlobals) = postSolution
		SolutionGuid = {5A1723E3-2EC7-443E-8D48-2AA3315FB787}
	EndGlobalSection
EndGlobal
