
Microsoft Visual Studio Solution File, Format Version 12.00
# Visual Studio Version 17
VisualStudioVersion = 17.8.34525.116
MinimumVisualStudioVersion = 10.0.40219.1
Project("{9A19103F-16F7-4668-BE54-9A1E7A4F7556}") = "Lexer", "Lexer\Lexer.csproj", "{0461812B-3263-4EEB-884E-BCB92F8596A3}"
EndProject
Project("{FAE04EC0-301F-11D3-BF4B-00C04F79EFBC}") = "test43", "test43\test43.csproj", "{E50E2F6B-C195-486C-8C90-6FAF263EBAC4}"
EndProject
Project("{9A19103F-16F7-4668-BE54-9A1E7A4F7556}") = "Lex", "EJE\Lex.csproj", "{1E5D3CD4-1027-48B5-B5DE-87BB6F119642}"
EndProject
Global
	GlobalSection(SolutionConfigurationPlatforms) = preSolution
		Debug|Any CPU = Debug|Any CPU
		Release|Any CPU = Release|Any CPU
	EndGlobalSection
	GlobalSection(ProjectConfigurationPlatforms) = postSolution
		{0461812B-3263-4EEB-884E-BCB92F8596A3}.Debug|Any CPU.ActiveCfg = Debug|Any CPU
		{0461812B-3263-4EEB-884E-BCB92F8596A3}.Debug|Any CPU.Build.0 = Debug|Any CPU
		{0461812B-3263-4EEB-884E-BCB92F8596A3}.Release|Any CPU.ActiveCfg = Release|Any CPU
		{0461812B-3263-4EEB-884E-BCB92F8596A3}.Release|Any CPU.Build.0 = Release|Any CPU
		{E50E2F6B-C195-486C-8C90-6FAF263EBAC4}.Debug|Any CPU.ActiveCfg = Debug|Any CPU
		{E50E2F6B-C195-486C-8C90-6FAF263EBAC4}.Debug|Any CPU.Build.0 = Debug|Any CPU
		{E50E2F6B-C195-486C-8C90-6FAF263EBAC4}.Release|Any CPU.ActiveCfg = Release|Any CPU
		{E50E2F6B-C195-486C-8C90-6FAF263EBAC4}.Release|Any CPU.Build.0 = Release|Any CPU
		{1E5D3CD4-1027-48B5-B5DE-87BB6F119642}.Debug|Any CPU.ActiveCfg = Debug|Any CPU
		{1E5D3CD4-1027-48B5-B5DE-87BB6F119642}.Debug|Any CPU.Build.0 = Debug|Any CPU
		{1E5D3CD4-1027-48B5-B5DE-87BB6F119642}.Release|Any CPU.ActiveCfg = Release|Any CPU
		{1E5D3CD4-1027-48B5-B5DE-87BB6F119642}.Release|Any CPU.Build.0 = Release|Any CPU
	EndGlobalSection
	GlobalSection(SolutionProperties) = preSolution
		HideSolutionNode = FALSE
	EndGlobalSection
	GlobalSection(ExtensibilityGlobals) = postSolution
		SolutionGuid = {82258E36-7D48-4087-81B4-B91E5E74B90C}
	EndGlobalSection
EndGlobal
